{
  "name": "Frontend React",
  "lockfileVersion": 2,
  "requires": true,
  "packages": {
    "": {
      "dependencies": {
        "js-cookie": "^3.0.1",
        "js-cookies": "^1.0.4"
      }
    },
    "node_modules/js-cookie": {
      "version": "3.0.1",
      "resolved": "https://registry.npmjs.org/js-cookie/-/js-cookie-3.0.1.tgz",
      "integrity": "sha512-+0rgsUXZu4ncpPxRL+lNEptWMOWl9etvPHc/koSRp6MPwpRYAhmk0dUG00J4bxVV3r9uUzfo24wW0knS07SKSw==",
      "engines": {
        "node": ">=12"
      }
    },
    "node_modules/js-cookies": {
      "version": "1.0.4",
      "resolved": "https://registry.npmjs.org/js-cookies/-/js-cookies-1.0.4.tgz",
      "integrity": "sha512-cO1SHDH7zJsi8FihHmDtcWx90mWmrfGOrcLKPeaEX6tLyuTK2wnzgdmNa34Q6rNAd6VhQUgjDt5Eyl90VI/Fpg=="
    }
  },
  "dependencies": {
    "js-cookie": {
      "version": "3.0.1",
      "resolved": "https://registry.npmjs.org/js-cookie/-/js-cookie-3.0.1.tgz",
      "integrity": "sha512-+0rgsUXZu4ncpPxRL+lNEptWMOWl9etvPHc/koSRp6MPwpRYAhmk0dUG00J4bxVV3r9uUzfo24wW0knS07SKSw=="
    },
    "js-cookies": {
      "version": "1.0.4",
      "resolved": "https://registry.npmjs.org/js-cookies/-/js-cookies-1.0.4.tgz",
      "integrity": "sha512-cO1SHDH7zJsi8FihHmDtcWx90mWmrfGOrcLKPeaEX6tLyuTK2wnzgdmNa34Q6rNAd6VhQUgjDt5Eyl90VI/Fpg=="
    }
  }
}
